
Microsoft Visual Studio Solution File, Format Version 12.00
# Visual Studio 14
VisualStudioVersion = 14.0.25420.1
MinimumVisualStudioVersion = 10.0.40219.1
Project("{2150E333-8FDC-42A3-9474-1A3956D46DE8}") = "委托窗体间的传值", "委托窗体间的传值", "{5CD46836-659E-43EE-8CF3-931657989A2D}"
EndProject
Project("{FAE04EC0-301F-11D3-BF4B-00C04F79EFBC}") = "WindowsFormsApplication1", "WindowsFormsApplication1\WindowsFormsApplication1.csproj", "{A2A3E4E3-D349-4099-BBC9-4B7E37D57FF6}"
EndProject
Project("{FAE04EC0-301F-11D3-BF4B-00C04F79EFBC}") = "事件的本质理解", "WindowsFormsApplication2\事件的本质理解.csproj", "{4CF43E81-6FEF-4BA9-835A-954137D45146}"
EndProject
Project("{2150E333-8FDC-42A3-9474-1A3956D46DE8}") = "自己写的泛型集合", "自己写的泛型集合", "{18B531DD-22D4-4F69-91C2-52292AD25F24}"
EndProject
Project("{FAE04EC0-301F-11D3-BF4B-00C04F79EFBC}") = "事件的标准用法1", "事件的标准用法1\事件的标准用法1.csproj", "{E901F06C-1FCC-4F31-A633-AB81D6BF5AF3}"
EndProject
Project("{FAE04EC0-301F-11D3-BF4B-00C04F79EFBC}") = "自己写的泛型", "自己写的泛型\自己写的泛型.csproj", "{CC188AD1-4FEC-4A9E-B84A-0942A259E24A}"
EndProject
Project("{2150E333-8FDC-42A3-9474-1A3956D46DE8}") = "设计模式", "设计模式", "{E66CDCD5-8A0A-4D3A-8BDD-AC45EBF72AE9}"
EndProject
Project("{FAE04EC0-301F-11D3-BF4B-00C04F79EFBC}") = "观察者模式", "观察者模式\观察者模式.csproj", "{A2730CBA-C358-48E9-B84D-4CC09A3DF382}"
EndProject
Project("{FAE04EC0-301F-11D3-BF4B-00C04F79EFBC}") = "委托和事件的练习", "委托和事件的练习\委托和事件的练习.csproj", "{60D2AD2C-9343-4D98-9794-BB01B6246D16}"
EndProject
Project("{2150E333-8FDC-42A3-9474-1A3956D46DE8}") = "自己写的Array类", "自己写的Array类", "{DE7DE87F-F6A5-4464-A668-282905329394}"
EndProject
Project("{2150E333-8FDC-42A3-9474-1A3956D46DE8}") = "Lambda表达式树", "Lambda表达式树", "{EDAB18AA-C503-43D7-8930-5901EBA5EE5B}"
EndProject
Project("{FAE04EC0-301F-11D3-BF4B-00C04F79EFBC}") = "LambdaExpression", "LambdaExpression\LambdaExpression.csproj", "{58B0281F-31BE-4A0D-96ED-6FF4A2FE2D16}"
EndProject
Project("{2150E333-8FDC-42A3-9474-1A3956D46DE8}") = "Linq", "Linq", "{612DC831-6461-43DF-9453-D11F4E2C6AE9}"
	ProjectSection(SolutionItems) = preProject
		参考资料.txt = 参考资料.txt
	EndProjectSection
EndProject
Project("{FAE04EC0-301F-11D3-BF4B-00C04F79EFBC}") = "迭代器模式", "迭代器模式\迭代器模式.csproj", "{E97B0133-7717-4601-BD8A-5DBEFDBB4E32}"
EndProject
Project("{FAE04EC0-301F-11D3-BF4B-00C04F79EFBC}") = "Lambda表达式奇淫技巧", "Lambda表达式奇淫技巧\Lambda表达式奇淫技巧.csproj", "{B90244CF-F2BD-47BF-9E00-7891E424B4C0}"
EndProject
Project("{FAE04EC0-301F-11D3-BF4B-00C04F79EFBC}") = "Lambda表达式树简化查询", "Lambda表达式树简化查询\Lambda表达式树简化查询.csproj", "{3F083740-7492-45F1-A449-86D1B7DA79B6}"
EndProject
Project("{2150E333-8FDC-42A3-9474-1A3956D46DE8}") = "数据结构", "数据结构", "{F3AB4FAD-4C30-4B6D-9232-092A850001B2}"
EndProject
Project("{FAE04EC0-301F-11D3-BF4B-00C04F79EFBC}") = "数据结构", "数据结构\数据结构.csproj", "{7588F990-DD46-4516-B4E0-8B197DCC9973}"
EndProject
Project("{FAE04EC0-301F-11D3-BF4B-00C04F79EFBC}") = "数据结构非泛型", "数据结构非泛型\数据结构非泛型.csproj", "{711F7436-0E2B-4FB2-B66B-3EBC0C6CE21B}"
EndProject
Project("{FAE04EC0-301F-11D3-BF4B-00C04F79EFBC}") = "Linq扩展方法", "Linq扩展方法\Linq扩展方法.csproj", "{3007365C-8E49-46A4-A7E2-2ACFA5336DBC}"
EndProject
Project("{FAE04EC0-301F-11D3-BF4B-00C04F79EFBC}") = "Linq", "Linq\Linq.csproj", "{0D5D17C6-AB39-4680-A219-7282C9F8674C}"
EndProject
Project("{2150E333-8FDC-42A3-9474-1A3956D46DE8}") = "测试控制台", "测试控制台", "{F2533595-CB1C-4C3A-B115-3A56C95DE2F8}"
EndProject
Project("{FAE04EC0-301F-11D3-BF4B-00C04F79EFBC}") = "控制台", "控制台\控制台.csproj", "{434DBF32-A119-4FAE-B9D0-17921E890A2E}"
EndProject
Project("{FAE04EC0-301F-11D3-BF4B-00C04F79EFBC}") = "控制台2", "控制台2\控制台2.csproj", "{4C8A9C20-A76F-4E3C-ABEC-0C4183559461}"
EndProject
Project("{FAE04EC0-301F-11D3-BF4B-00C04F79EFBC}") = "TypeScriptHTMLApp1", "TypeScriptHTMLApp1\TypeScriptHTMLApp1.csproj", "{DBF01602-74F5-4DE5-91B1-B213F2EED120}"
EndProject
Global
	GlobalSection(SolutionConfigurationPlatforms) = preSolution
		Debug|Any CPU = Debug|Any CPU
		Release|Any CPU = Release|Any CPU
	EndGlobalSection
	GlobalSection(ProjectConfigurationPlatforms) = postSolution
		{A2A3E4E3-D349-4099-BBC9-4B7E37D57FF6}.Debug|Any CPU.ActiveCfg = Debug|Any CPU
		{A2A3E4E3-D349-4099-BBC9-4B7E37D57FF6}.Debug|Any CPU.Build.0 = Debug|Any CPU
		{A2A3E4E3-D349-4099-BBC9-4B7E37D57FF6}.Release|Any CPU.ActiveCfg = Release|Any CPU
		{A2A3E4E3-D349-4099-BBC9-4B7E37D57FF6}.Release|Any CPU.Build.0 = Release|Any CPU
		{4CF43E81-6FEF-4BA9-835A-954137D45146}.Debug|Any CPU.ActiveCfg = Debug|Any CPU
		{4CF43E81-6FEF-4BA9-835A-954137D45146}.Debug|Any CPU.Build.0 = Debug|Any CPU
		{4CF43E81-6FEF-4BA9-835A-954137D45146}.Release|Any CPU.ActiveCfg = Release|Any CPU
		{4CF43E81-6FEF-4BA9-835A-954137D45146}.Release|Any CPU.Build.0 = Release|Any CPU
		{E901F06C-1FCC-4F31-A633-AB81D6BF5AF3}.Debug|Any CPU.ActiveCfg = Debug|Any CPU
		{E901F06C-1FCC-4F31-A633-AB81D6BF5AF3}.Debug|Any CPU.Build.0 = Debug|Any CPU
		{E901F06C-1FCC-4F31-A633-AB81D6BF5AF3}.Release|Any CPU.ActiveCfg = Release|Any CPU
		{E901F06C-1FCC-4F31-A633-AB81D6BF5AF3}.Release|Any CPU.Build.0 = Release|Any CPU
		{CC188AD1-4FEC-4A9E-B84A-0942A259E24A}.Debug|Any CPU.ActiveCfg = Debug|Any CPU
		{CC188AD1-4FEC-4A9E-B84A-0942A259E24A}.Debug|Any CPU.Build.0 = Debug|Any CPU
		{CC188AD1-4FEC-4A9E-B84A-0942A259E24A}.Release|Any CPU.ActiveCfg = Release|Any CPU
		{CC188AD1-4FEC-4A9E-B84A-0942A259E24A}.Release|Any CPU.Build.0 = Release|Any CPU
		{A2730CBA-C358-48E9-B84D-4CC09A3DF382}.Debug|Any CPU.ActiveCfg = Debug|Any CPU
		{A2730CBA-C358-48E9-B84D-4CC09A3DF382}.Debug|Any CPU.Build.0 = Debug|Any CPU
		{A2730CBA-C358-48E9-B84D-4CC09A3DF382}.Release|Any CPU.ActiveCfg = Release|Any CPU
		{A2730CBA-C358-48E9-B84D-4CC09A3DF382}.Release|Any CPU.Build.0 = Release|Any CPU
		{60D2AD2C-9343-4D98-9794-BB01B6246D16}.Debug|Any CPU.ActiveCfg = Debug|Any CPU
		{60D2AD2C-9343-4D98-9794-BB01B6246D16}.Debug|Any CPU.Build.0 = Debug|Any CPU
		{60D2AD2C-9343-4D98-9794-BB01B6246D16}.Release|Any CPU.ActiveCfg = Release|Any CPU
		{60D2AD2C-9343-4D98-9794-BB01B6246D16}.Release|Any CPU.Build.0 = Release|Any CPU
		{58B0281F-31BE-4A0D-96ED-6FF4A2FE2D16}.Debug|Any CPU.ActiveCfg = Debug|Any CPU
		{58B0281F-31BE-4A0D-96ED-6FF4A2FE2D16}.Debug|Any CPU.Build.0 = Debug|Any CPU
		{58B0281F-31BE-4A0D-96ED-6FF4A2FE2D16}.Release|Any CPU.ActiveCfg = Release|Any CPU
		{58B0281F-31BE-4A0D-96ED-6FF4A2FE2D16}.Release|Any CPU.Build.0 = Release|Any CPU
		{E97B0133-7717-4601-BD8A-5DBEFDBB4E32}.Debug|Any CPU.ActiveCfg = Debug|Any CPU
		{E97B0133-7717-4601-BD8A-5DBEFDBB4E32}.Debug|Any CPU.Build.0 = Debug|Any CPU
		{E97B0133-7717-4601-BD8A-5DBEFDBB4E32}.Release|Any CPU.ActiveCfg = Release|Any CPU
		{E97B0133-7717-4601-BD8A-5DBEFDBB4E32}.Release|Any CPU.Build.0 = Release|Any CPU
		{B90244CF-F2BD-47BF-9E00-7891E424B4C0}.Debug|Any CPU.ActiveCfg = Debug|Any CPU
		{B90244CF-F2BD-47BF-9E00-7891E424B4C0}.Debug|Any CPU.Build.0 = Debug|Any CPU
		{B90244CF-F2BD-47BF-9E00-7891E424B4C0}.Release|Any CPU.ActiveCfg = Release|Any CPU
		{B90244CF-F2BD-47BF-9E00-7891E424B4C0}.Release|Any CPU.Build.0 = Release|Any CPU
		{3F083740-7492-45F1-A449-86D1B7DA79B6}.Debug|Any CPU.ActiveCfg = Debug|Any CPU
		{3F083740-7492-45F1-A449-86D1B7DA79B6}.Debug|Any CPU.Build.0 = Debug|Any CPU
		{3F083740-7492-45F1-A449-86D1B7DA79B6}.Release|Any CPU.ActiveCfg = Release|Any CPU
		{3F083740-7492-45F1-A449-86D1B7DA79B6}.Release|Any CPU.Build.0 = Release|Any CPU
		{7588F990-DD46-4516-B4E0-8B197DCC9973}.Debug|Any CPU.ActiveCfg = Debug|Any CPU
		{7588F990-DD46-4516-B4E0-8B197DCC9973}.Debug|Any CPU.Build.0 = Debug|Any CPU
		{7588F990-DD46-4516-B4E0-8B197DCC9973}.Release|Any CPU.ActiveCfg = Release|Any CPU
		{7588F990-DD46-4516-B4E0-8B197DCC9973}.Release|Any CPU.Build.0 = Release|Any CPU
		{711F7436-0E2B-4FB2-B66B-3EBC0C6CE21B}.Debug|Any CPU.ActiveCfg = Debug|Any CPU
		{711F7436-0E2B-4FB2-B66B-3EBC0C6CE21B}.Debug|Any CPU.Build.0 = Debug|Any CPU
		{711F7436-0E2B-4FB2-B66B-3EBC0C6CE21B}.Release|Any CPU.ActiveCfg = Release|Any CPU
		{711F7436-0E2B-4FB2-B66B-3EBC0C6CE21B}.Release|Any CPU.Build.0 = Release|Any CPU
		{3007365C-8E49-46A4-A7E2-2ACFA5336DBC}.Debug|Any CPU.ActiveCfg = Debug|Any CPU
		{3007365C-8E49-46A4-A7E2-2ACFA5336DBC}.Debug|Any CPU.Build.0 = Debug|Any CPU
		{3007365C-8E49-46A4-A7E2-2ACFA5336DBC}.Release|Any CPU.ActiveCfg = Release|Any CPU
		{3007365C-8E49-46A4-A7E2-2ACFA5336DBC}.Release|Any CPU.Build.0 = Release|Any CPU
		{0D5D17C6-AB39-4680-A219-7282C9F8674C}.Debug|Any CPU.ActiveCfg = Debug|Any CPU
		{0D5D17C6-AB39-4680-A219-7282C9F8674C}.Debug|Any CPU.Build.0 = Debug|Any CPU
		{0D5D17C6-AB39-4680-A219-7282C9F8674C}.Release|Any CPU.ActiveCfg = Release|Any CPU
		{0D5D17C6-AB39-4680-A219-7282C9F8674C}.Release|Any CPU.Build.0 = Release|Any CPU
		{434DBF32-A119-4FAE-B9D0-17921E890A2E}.Debug|Any CPU.ActiveCfg = Debug|Any CPU
		{434DBF32-A119-4FAE-B9D0-17921E890A2E}.Debug|Any CPU.Build.0 = Debug|Any CPU
		{434DBF32-A119-4FAE-B9D0-17921E890A2E}.Release|Any CPU.ActiveCfg = Release|Any CPU
		{434DBF32-A119-4FAE-B9D0-17921E890A2E}.Release|Any CPU.Build.0 = Release|Any CPU
		{4C8A9C20-A76F-4E3C-ABEC-0C4183559461}.Debug|Any CPU.ActiveCfg = Debug|Any CPU
		{4C8A9C20-A76F-4E3C-ABEC-0C4183559461}.Debug|Any CPU.Build.0 = Debug|Any CPU
		{4C8A9C20-A76F-4E3C-ABEC-0C4183559461}.Release|Any CPU.ActiveCfg = Release|Any CPU
		{4C8A9C20-A76F-4E3C-ABEC-0C4183559461}.Release|Any CPU.Build.0 = Release|Any CPU
		{DBF01602-74F5-4DE5-91B1-B213F2EED120}.Debug|Any CPU.ActiveCfg = Debug|Any CPU
		{DBF01602-74F5-4DE5-91B1-B213F2EED120}.Debug|Any CPU.Build.0 = Debug|Any CPU
		{DBF01602-74F5-4DE5-91B1-B213F2EED120}.Release|Any CPU.ActiveCfg = Release|Any CPU
		{DBF01602-74F5-4DE5-91B1-B213F2EED120}.Release|Any CPU.Build.0 = Release|Any CPU
	EndGlobalSection
	GlobalSection(SolutionProperties) = preSolution
		HideSolutionNode = FALSE
	EndGlobalSection
	GlobalSection(NestedProjects) = preSolution
		{A2A3E4E3-D349-4099-BBC9-4B7E37D57FF6} = {5CD46836-659E-43EE-8CF3-931657989A2D}
		{4CF43E81-6FEF-4BA9-835A-954137D45146} = {5CD46836-659E-43EE-8CF3-931657989A2D}
		{E901F06C-1FCC-4F31-A633-AB81D6BF5AF3} = {5CD46836-659E-43EE-8CF3-931657989A2D}
		{CC188AD1-4FEC-4A9E-B84A-0942A259E24A} = {18B531DD-22D4-4F69-91C2-52292AD25F24}
		{A2730CBA-C358-48E9-B84D-4CC09A3DF382} = {E66CDCD5-8A0A-4D3A-8BDD-AC45EBF72AE9}
		{60D2AD2C-9343-4D98-9794-BB01B6246D16} = {5CD46836-659E-43EE-8CF3-931657989A2D}
		{58B0281F-31BE-4A0D-96ED-6FF4A2FE2D16} = {EDAB18AA-C503-43D7-8930-5901EBA5EE5B}
		{E97B0133-7717-4601-BD8A-5DBEFDBB4E32} = {E66CDCD5-8A0A-4D3A-8BDD-AC45EBF72AE9}
		{B90244CF-F2BD-47BF-9E00-7891E424B4C0} = {EDAB18AA-C503-43D7-8930-5901EBA5EE5B}
		{3F083740-7492-45F1-A449-86D1B7DA79B6} = {EDAB18AA-C503-43D7-8930-5901EBA5EE5B}
		{7588F990-DD46-4516-B4E0-8B197DCC9973} = {F3AB4FAD-4C30-4B6D-9232-092A850001B2}
		{711F7436-0E2B-4FB2-B66B-3EBC0C6CE21B} = {F3AB4FAD-4C30-4B6D-9232-092A850001B2}
		{3007365C-8E49-46A4-A7E2-2ACFA5336DBC} = {F3AB4FAD-4C30-4B6D-9232-092A850001B2}
		{0D5D17C6-AB39-4680-A219-7282C9F8674C} = {612DC831-6461-43DF-9453-D11F4E2C6AE9}
		{434DBF32-A119-4FAE-B9D0-17921E890A2E} = {F2533595-CB1C-4C3A-B115-3A56C95DE2F8}
		{4C8A9C20-A76F-4E3C-ABEC-0C4183559461} = {F2533595-CB1C-4C3A-B115-3A56C95DE2F8}
		{DBF01602-74F5-4DE5-91B1-B213F2EED120} = {F2533595-CB1C-4C3A-B115-3A56C95DE2F8}
	EndGlobalSection
EndGlobal
